
Microsoft Visual Studio Solution File, Format Version 12.00
# Visual Studio Version 17
VisualStudioVersion = 17.3.32804.467
MinimumVisualStudioVersion = 10.0.40219.1
Project("{FAE04EC0-301F-11D3-BF4B-00C04F79EFBC}") = "Aug2022", "Aug2022\Aug2022.csproj", "{AB5BD328-FA4F-4425-8749-EF35A4DF74B4}"
EndProject
Global
	GlobalSection(SolutionConfigurationPlatforms) = preSolution
		Debug|Any CPU = Debug|Any CPU
		Release|Any CPU = Release|Any CPU
	EndGlobalSection
	GlobalSection(ProjectConfigurationPlatforms) = postSolution
		{AB5BD328-FA4F-4425-8749-EF35A4DF74B4}.Debug|Any CPU.ActiveCfg = Debug|Any CPU
		{AB5BD328-FA4F-4425-8749-EF35A4DF74B4}.Debug|Any CPU.Build.0 = Debug|Any CPU
		{AB5BD328-FA4F-4425-8749-EF35A4DF74B4}.Release|Any CPU.ActiveCfg = Release|Any CPU
		{AB5BD328-FA4F-4425-8749-EF35A4DF74B4}.Release|Any CPU.Build.0 = Release|Any CPU
	EndGlobalSection
	GlobalSection(SolutionProperties) = preSolution
		HideSolutionNode = FALSE
	EndGlobalSection
	GlobalSection(ExtensibilityGlobals) = postSolution
		SolutionGuid = {6AC0CB6F-C32B-4B7B-B429-50C170CBA05F}
	EndGlobalSection
EndGlobal
